
Microsoft Visual Studio Solution File, Format Version 12.00
# Visual Studio Version 16
VisualStudioVersion = 16.0.29613.14
MinimumVisualStudioVersion = 10.0.40219.1
Project("{FAE04EC0-301F-11D3-BF4B-00C04F79EFBC}") = "BankAccountLibrary", "BankAccountLibrary\BankAccountLibrary.csproj", "{76BE55DB-A88D-4477-AD81-636D1CA9943D}"
EndProject
Project("{FAE04EC0-301F-11D3-BF4B-00C04F79EFBC}") = "BankConsole", "BankConsole\BankConsole.csproj", "{D0C81EF8-B050-4476-8E30-68CCE6796BBF}"
EndProject
Project("{2150E333-8FDC-42A3-9474-1A3956D46DE8}") = "Solution Items", "Solution Items", "{ADB8C0A7-C423-4A26-AB37-906968DD726E}"
EndProject
Global
	GlobalSection(SolutionConfigurationPlatforms) = preSolution
		Debug|Any CPU = Debug|Any CPU
		Release|Any CPU = Release|Any CPU
	EndGlobalSection
	GlobalSection(ProjectConfigurationPlatforms) = postSolution
		{76BE55DB-A88D-4477-AD81-636D1CA9943D}.Debug|Any CPU.ActiveCfg = Debug|Any CPU
		{76BE55DB-A88D-4477-AD81-636D1CA9943D}.Debug|Any CPU.Build.0 = Debug|Any CPU
		{76BE55DB-A88D-4477-AD81-636D1CA9943D}.Release|Any CPU.ActiveCfg = Release|Any CPU
		{76BE55DB-A88D-4477-AD81-636D1CA9943D}.Release|Any CPU.Build.0 = Release|Any CPU
		{D0C81EF8-B050-4476-8E30-68CCE6796BBF}.Debug|Any CPU.ActiveCfg = Debug|Any CPU
		{D0C81EF8-B050-4476-8E30-68CCE6796BBF}.Debug|Any CPU.Build.0 = Debug|Any CPU
		{D0C81EF8-B050-4476-8E30-68CCE6796BBF}.Release|Any CPU.ActiveCfg = Release|Any CPU
		{D0C81EF8-B050-4476-8E30-68CCE6796BBF}.Release|Any CPU.Build.0 = Release|Any CPU
	EndGlobalSection
	GlobalSection(SolutionProperties) = preSolution
		HideSolutionNode = FALSE
	EndGlobalSection
	GlobalSection(ExtensibilityGlobals) = postSolution
		SolutionGuid = {D8EC812B-C8CB-4BC1-A137-BE16EB710AD8}
	EndGlobalSection
EndGlobal
